// !$*UTF8*$!
{
	archiveVersion = 1;
	classes = {
	};
	objectVersion = 55;
	objects = {

/* Begin PBXBuildFile section */
		313220AB28B96ADB00356317 /* Assets.xcassets in Resources */ = {isa = PBXBuildFile; fileRef = 313220AA28B96ADB00356317 /* Assets.xcassets */; };
		313220AE28B96ADB00356317 /* LaunchScreen.storyboard in Resources */ = {isa = PBXBuildFile; fileRef = 313220AC28B96ADB00356317 /* LaunchScreen.storyboard */; };
		313220B928B96B1D00356317 /* Network.swift in Sources */ = {isa = PBXBuildFile; fileRef = 313220B628B96B1D00356317 /* Network.swift */; };
		313220BA28B96B1D00356317 /* Model.swift in Sources */ = {isa = PBXBuildFile; fileRef = 313220B828B96B1D00356317 /* Model.swift */; };
		313220BF28B96B4900356317 /* Constants.swift in Sources */ = {isa = PBXBuildFile; fileRef = 313220BB28B96B4900356317 /* Constants.swift */; };
		313220C028B96B4900356317 /* Poppins-SemiBold.ttf in Resources */ = {isa = PBXBuildFile; fileRef = 313220BC28B96B4900356317 /* Poppins-SemiBold.ttf */; };
		313220C128B96B4900356317 /* Poppins-Bold.ttf in Resources */ = {isa = PBXBuildFile; fileRef = 313220BD28B96B4900356317 /* Poppins-Bold.ttf */; };
		313220C228B96B4900356317 /* Poppins-Regular.ttf in Resources */ = {isa = PBXBuildFile; fileRef = 313220BE28B96B4900356317 /* Poppins-Regular.ttf */; };
		313220C528B96B9000356317 /* PhotosCollectionViewController.swift in Sources */ = {isa = PBXBuildFile; fileRef = 313220C428B96B9000356317 /* PhotosCollectionViewController.swift */; };
		313220C928B96BA700356317 /* Main.storyboard in Resources */ = {isa = PBXBuildFile; fileRef = 313220C728B96BA700356317 /* Main.storyboard */; };
		313220CC28B96BE000356317 /* SceneDelegate.swift in Sources */ = {isa = PBXBuildFile; fileRef = 313220CA28B96BE000356317 /* SceneDelegate.swift */; };
		313220CD28B96BE000356317 /* AppDelegate.swift in Sources */ = {isa = PBXBuildFile; fileRef = 313220CB28B96BE000356317 /* AppDelegate.swift */; };
/* End PBXBuildFile section */

/* Begin PBXFileReference section */
		3132209E28B96ADA00356317 /* UnsplashSearch.app */ = {isa = PBXFileReference; explicitFileType = wrapper.application; includeInIndex = 0; path = UnsplashSearch.app; sourceTree = BUILT_PRODUCTS_DIR; };
		313220AA28B96ADB00356317 /* Assets.xcassets */ = {isa = PBXFileReference; lastKnownFileType = folder.assetcatalog; path = Assets.xcassets; sourceTree = "<group>"; };
		313220AD28B96ADB00356317 /* Base */ = {isa = PBXFileReference; lastKnownFileType = file.storyboard; name = Base; path = Base.lproj/LaunchScreen.storyboard; sourceTree = "<group>"; };
		313220AF28B96ADB00356317 /* Info.plist */ = {isa = PBXFileReference; lastKnownFileType = text.plist.xml; path = Info.plist; sourceTree = "<group>"; };
		313220B628B96B1D00356317 /* Network.swift */ = {isa = PBXFileReference; fileEncoding = 4; lastKnownFileType = sourcecode.swift; path = Network.swift; sourceTree = "<group>"; };
		313220B828B96B1D00356317 /* Model.swift */ = {isa = PBXFileReference; fileEncoding = 4; lastKnownFileType = sourcecode.swift; path = Model.swift; sourceTree = "<group>"; };
		313220BB28B96B4900356317 /* Constants.swift */ = {isa = PBXFileReference; fileEncoding = 4; lastKnownFileType = sourcecode.swift; path = Constants.swift; sourceTree = "<group>"; };
		313220BC28B96B4900356317 /* Poppins-SemiBold.ttf */ = {isa = PBXFileReference; lastKnownFileType = file; path = "Poppins-SemiBold.ttf"; sourceTree = "<group>"; };
		313220BD28B96B4900356317 /* Poppins-Bold.ttf */ = {isa = PBXFileReference; lastKnownFileType = file; path = "Poppins-Bold.ttf"; sourceTree = "<group>"; };
		313220BE28B96B4900356317 /* Poppins-Regular.ttf */ = {isa = PBXFileReference; lastKnownFileType = file; path = "Poppins-Regular.ttf"; sourceTree = "<group>"; };
		313220C428B96B9000356317 /* PhotosCollectionViewController.swift */ = {isa = PBXFileReference; fileEncoding = 4; lastKnownFileType = sourcecode.swift; path = PhotosCollectionViewController.swift; sourceTree = "<group>"; };
		313220C728B96BA700356317 /* Main.storyboard */ = {isa = PBXFileReference; fileEncoding = 4; lastKnownFileType = file.storyboard; path = Main.storyboard; sourceTree = "<group>"; };
		313220CA28B96BE000356317 /* SceneDelegate.swift */ = {isa = PBXFileReference; fileEncoding = 4; lastKnownFileType = sourcecode.swift; path = SceneDelegate.swift; sourceTree = "<group>"; };
		313220CB28B96BE000356317 /* AppDelegate.swift */ = {isa = PBXFileReference; fileEncoding = 4; lastKnownFileType = sourcecode.swift; path = AppDelegate.swift; sourceTree = "<group>"; };
/* End PBXFileReference section */

/* Begin PBXFrameworksBuildPhase section */
		3132209B28B96ADA00356317 /* Frameworks */ = {
			isa = PBXFrameworksBuildPhase;
			buildActionMask = 2147483647;
			files = (
			);
			runOnlyForDeploymentPostprocessing = 0;
		};
/* End PBXFrameworksBuildPhase section */

/* Begin PBXGroup section */
		3132209528B96ADA00356317 = {
			isa = PBXGroup;
			children = (
				313220A028B96ADA00356317 /* UnsplashSearch */,
				3132209F28B96ADA00356317 /* Products */,
			);
			sourceTree = "<group>";
		};
		3132209F28B96ADA00356317 /* Products */ = {
			isa = PBXGroup;
			children = (
				3132209E28B96ADA00356317 /* UnsplashSearch.app */,
			);
			name = Products;
			sourceTree = "<group>";
		};
		313220A028B96ADA00356317 /* UnsplashSearch */ = {
			isa = PBXGroup;
			children = (
				313220BB28B96B4900356317 /* Constants.swift */,
				313220B728B96B1D00356317 /* Model */,
				313220B528B96B1D00356317 /* Handlers */,
				313220C428B96B9000356317 /* PhotosCollectionViewController.swift */,
				313220AC28B96ADB00356317 /* LaunchScreen.storyboard */,
				313220C728B96BA700356317 /* Main.storyboard */,
				313220AF28B96ADB00356317 /* Info.plist */,
				313220CB28B96BE000356317 /* AppDelegate.swift */,
				313220CA28B96BE000356317 /* SceneDelegate.swift */,
				313220C328B96B6000356317 /* Resources */,
			);
			path = UnsplashSearch;
			sourceTree = "<group>";
		};
		313220B528B96B1D00356317 /* Handlers */ = {
			isa = PBXGroup;
			children = (
				313220B628B96B1D00356317 /* Network.swift */,
			);
			path = Handlers;
			sourceTree = "<group>";
		};
		313220B728B96B1D00356317 /* Model */ = {
			isa = PBXGroup;
			children = (
				313220B828B96B1D00356317 /* Model.swift */,
			);
			path = Model;
			sourceTree = "<group>";
		};
		313220C328B96B6000356317 /* Resources */ = {
			isa = PBXGroup;
			children = (
				313220BD28B96B4900356317 /* Poppins-Bold.ttf */,
				313220BE28B96B4900356317 /* Poppins-Regular.ttf */,
				313220BC28B96B4900356317 /* Poppins-SemiBold.ttf */,
				313220AA28B96ADB00356317 /* Assets.xcassets */,
			);
			path = Resources;
			sourceTree = "<group>";
		};
/* End PBXGroup section */

/* Begin PBXNativeTarget section */
		3132209D28B96ADA00356317 /* UnsplashSearch */ = {
			isa = PBXNativeTarget;
			buildConfigurationList = 313220B228B96ADB00356317 /* Build configuration list for PBXNativeTarget "UnsplashSearch" */;
			buildPhases = (
				3132209A28B96ADA00356317 /* Sources */,
				3132209B28B96ADA00356317 /* Frameworks */,
				3132209C28B96ADA00356317 /* Resources */,
			);
			buildRules = (
			);
			dependencies = (
			);
			name = UnsplashSearch;
			productName = UnsplashSearch;
			productReference = 3132209E28B96ADA00356317 /* UnsplashSearch.app */;
			productType = "com.apple.product-type.application";
		};
/* End PBXNativeTarget section */

/* Begin PBXProject section */
		3132209628B96ADA00356317 /* Project object */ = {
			isa = PBXProject;
			attributes = {
				BuildIndependentTargetsInParallel = 1;
				LastSwiftUpdateCheck = 1340;
				LastUpgradeCheck = 1340;
				TargetAttributes = {
					3132209D28B96ADA00356317 = {
						CreatedOnToolsVersion = 13.4.1;
					};
				};
			};
			buildConfigurationList = 3132209928B96ADA00356317 /* Build configuration list for PBXProject "UnsplashSearch" */;
			compatibilityVersion = "Xcode 13.0";
			developmentRegion = en;
			hasScannedForEncodings = 0;
			knownRegions = (
				en,
				Base,
			);
			mainGroup = 3132209528B96ADA00356317;
			productRefGroup = 3132209F28B96ADA00356317 /* Products */;
			projectDirPath = "";
			projectRoot = "";
			targets = (
				3132209D28B96ADA00356317 /* UnsplashSearch */,
			);
		};
/* End PBXProject section */

/* Begin PBXResourcesBuildPhase section */
		3132209C28B96ADA00356317 /* Resources */ = {
			isa = PBXResourcesBuildPhase;
			buildActionMask = 2147483647;
			files = (
				313220AE28B96ADB00356317 /* LaunchScreen.storyboard in Resources */,
				313220C028B96B4900356317 /* Poppins-SemiBold.ttf in Resources */,
				313220C128B96B4900356317 /* Poppins-Bold.ttf in Resources */,
				313220C928B96BA700356317 /* Main.storyboard in Resources */,
				313220C228B96B4900356317 /* Poppins-Regular.ttf in Resources */,
				313220AB28B96ADB00356317 /* Assets.xcassets in Resources */,
			);
			runOnlyForDeploymentPostprocessing = 0;
		};
/* End PBXResourcesBuildPhase section */

/* Begin PBXSourcesBuildPhase section */
		3132209A28B96ADA00356317 /* Sources */ = {
			isa = PBXSourcesBuildPhase;
			buildActionMask = 2147483647;
			files = (
				313220CD28B96BE000356317 /* AppDelegate.swift in Sources */,
				313220CC28B96BE000356317 /* SceneDelegate.swift in Sources */,
				313220BA28B96B1D00356317 /* Model.swift in Sources */,
				313220C528B96B9000356317 /* PhotosCollectionViewController.swift in Sources */,
				313220B928B96B1D00356317 /* Network.swift in Sources */,
				313220BF28B96B4900356317 /* Constants.swift in Sources */,
			);
			runOnlyForDeploymentPostprocessing = 0;
		};
/* End PBXSourcesBuildPhase section */

/* Begin PBXVariantGroup section */
		313220AC28B96ADB00356317 /* LaunchScreen.storyboard */ = {
			isa = PBXVariantGroup;
			children = (
				313220AD28B96ADB00356317 /* Base */,
			);
			name = LaunchScreen.storyboard;
			sourceTree = "<group>";
		};
/* End PBXVariantGroup section */

/* Begin XCBuildConfiguration section */
		313220B028B96ADB00356317 /* Debug */ = {
			isa = XCBuildConfiguration;
			buildSettings = {
				ALWAYS_SEARCH_USER_PATHS = NO;
				CLANG_ANALYZER_NONNULL = YES;
				CLANG_ANALYZER_NUMBER_OBJECT_CONVERSION = YES_AGGRESSIVE;
				CLANG_CXX_LANGUAGE_STANDARD = "gnu++17";
				CLANG_ENABLE_MODULES = YES;
				CLANG_ENABLE_OBJC_ARC = YES;
				CLANG_ENABLE_OBJC_WEAK = YES;
				CLANG_WARN_BLOCK_CAPTURE_AUTORELEASING = YES;
				CLANG_WARN_BOOL_CONVERSION = YES;
				CLANG_WARN_COMMA = YES;
				CLANG_WARN_CONSTANT_CONVERSION = YES;
				CLANG_WARN_DEPRECATED_OBJC_IMPLEMENTATIONS = YES;
				CLANG_WARN_DIRECT_OBJC_ISA_USAGE = YES_ERROR;
				CLANG_WARN_DOCUMENTATION_COMMENTS = YES;
				CLANG_WARN_EMPTY_BODY = YES;
				CLANG_WARN_ENUM_CONVERSION = YES;
				CLANG_WARN_INFINITE_RECURSION = YES;
				CLANG_WARN_INT_CONVERSION = YES;
				CLANG_WARN_NON_LITERAL_NULL_CONVERSION = YES;
				CLANG_WARN_OBJC_IMPLICIT_RETAIN_SELF = YES;
				CLANG_WARN_OBJC_LITERAL_CONVERSION = YES;
				CLANG_WARN_OBJC_ROOT_CLASS = YES_ERROR;
				CLANG_WARN_QUOTED_INCLUDE_IN_FRAMEWORK_HEADER = YES;
				CLANG_WARN_RANGE_LOOP_ANALYSIS = YES;
				CLANG_WARN_STRICT_PROTOTYPES = YES;
				CLANG_WARN_SUSPICIOUS_MOVE = YES;
				CLANG_WARN_UNGUARDED_AVAILABILITY = YES_AGGRESSIVE;
				CLANG_WARN_UNREACHABLE_CODE = YES;
				CLANG_WARN__DUPLICATE_METHOD_MATCH = YES;
				COPY_PHASE_STRIP = NO;
				DEBUG_INFORMATION_FORMAT = dwarf;
				ENABLE_STRICT_OBJC_MSGSEND = YES;
				ENABLE_TESTABILITY = YES;
				GCC_C_LANGUAGE_STANDARD = gnu11;
				GCC_DYNAMIC_NO_PIC = NO;
				GCC_NO_COMMON_BLOCKS = YES;
				GCC_OPTIMIZATION_LEVEL = 0;
				GCC_PREPROCESSOR_DEFINITIONS = (
					"DEBUG=1",
					"$(inherited)",
				);
				GCC_WARN_64_TO_32_BIT_CONVERSION = YES;
				GCC_WARN_ABOUT_RETURN_TYPE = YES_ERROR;
				GCC_WARN_UNDECLARED_SELECTOR = YES;
				GCC_WARN_UNINITIALIZED_AUTOS = YES_AGGRESSIVE;
				GCC_WARN_UNUSED_FUNCTION = YES;
				GCC_WARN_UNUSED_VARIABLE = YES;
				IPHONEOS_DEPLOYMENT_TARGET = 15.5;
				MTL_ENABLE_DEBUG_INFO = INCLUDE_SOURCE;
				MTL_FAST_MATH = YES;
				ONLY_ACTIVE_ARCH = YES;
				SDKROOT = iphoneos;
				SWIFT_ACTIVE_COMPILATION_CONDITIONS = DEBUG;
				SWIFT_OPTIMIZATION_LEVEL = "-Onone";
			};
			name = Debug;
		};
		313220B128B96ADB00356317 /* Release */ = {
			isa = XCBuildConfiguration;
			buildSettings = {
				ALWAYS_SEARCH_USER_PATHS = NO;
				CLANG_ANALYZER_NONNULL = YES;
				CLANG_ANALYZER_NUMBER_OBJECT_CONVERSION = YES_AGGRESSIVE;
				CLANG_CXX_LANGUAGE_STANDARD = "gnu++17";
				CLANG_ENABLE_MODULES = YES;
				CLANG_ENABLE_OBJC_ARC = YES;
				CLANG_ENABLE_OBJC_WEAK = YES;
				CLANG_WARN_BLOCK_CAPTURE_AUTORELEASING = YES;
				CLANG_WARN_BOOL_CONVERSION = YES;
				CLANG_WARN_COMMA = YES;
				CLANG_WARN_CONSTANT_CONVERSION = YES;
				CLANG_WARN_DEPRECATED_OBJC_IMPLEMENTATIONS = YES;
				CLANG_WARN_DIRECT_OBJC_ISA_USAGE = YES_ERROR;
				CLANG_WARN_DOCUMENTATION_COMMENTS = YES;
				CLANG_WARN_EMPTY_BODY = YES;
				CLANG_WARN_ENUM_CONVERSION = YES;
				CLANG_WARN_INFINITE_RECURSION = YES;
				CLANG_WARN_INT_CONVERSION = YES;
				CLANG_WARN_NON_LITERAL_NULL_CONVERSION = YES;
				CLANG_WARN_OBJC_IMPLICIT_RETAIN_SELF = YES;
				CLANG_WARN_OBJC_LITERAL_CONVERSION = YES;
				CLANG_WARN_OBJC_ROOT_CLASS = YES_ERROR;
				CLANG_WARN_QUOTED_INCLUDE_IN_FRAMEWORK_HEADER = YES;
				CLANG_WARN_RANGE_LOOP_ANALYSIS = YES;
				CLANG_WARN_STRICT_PROTOTYPES = YES;
				CLANG_WARN_SUSPICIOUS_MOVE = YES;
				CLANG_WARN_UNGUARDED_AVAILABILITY = YES_AGGRESSIVE;
				CLANG_WARN_UNREACHABLE_CODE = YES;
				CLANG_WARN__DUPLICATE_METHOD_MATCH = YES;
				COPY_PHASE_STRIP = NO;
				DEBUG_INFORMATION_FORMAT = "dwarf-with-dsym";
				ENABLE_NS_ASSERTIONS = NO;
				ENABLE_STRICT_OBJC_MSGSEND = YES;
				GCC_C_LANGUAGE_STANDARD = gnu11;
				GCC_NO_COMMON_BLOCKS = YES;
				GCC_WARN_64_TO_32_BIT_CONVERSION = YES;
				GCC_WARN_ABOUT_RETURN_TYPE = YES_ERROR;
				GCC_WARN_UNDECLARED_SELECTOR = YES;
				GCC_WARN_UNINITIALIZED_AUTOS = YES_AGGRESSIVE;
				GCC_WARN_UNUSED_FUNCTION = YES;
				GCC_WARN_UNUSED_VARIABLE = YES;
				IPHONEOS_DEPLOYMENT_TARGET = 15.5;
				MTL_ENABLE_DEBUG_INFO = NO;
				MTL_FAST_MATH = YES;
				SDKROOT = iphoneos;
				SWIFT_COMPILATION_MODE = wholemodule;
				SWIFT_OPTIMIZATION_LEVEL = "-O";
				VALIDATE_PRODUCT = YES;
			};
			name = Release;
		};
		313220B328B96ADB00356317 /* Debug */ = {
			isa = XCBuildConfiguration;
			buildSettings = {
				ASSETCATALOG_COMPILER_APPICON_NAME = AppIcon;
				ASSETCATALOG_COMPILER_GLOBAL_ACCENT_COLOR_NAME = AccentColor;
				CODE_SIGN_STYLE = Automatic;
				CURRENT_PROJECT_VERSION = 1;
				DEVELOPMENT_TEAM = KDMH53532J;
				GENERATE_INFOPLIST_FILE = YES;
				INFOPLIST_FILE = UnsplashSearch/Info.plist;
				INFOPLIST_KEY_UIApplicationSupportsIndirectInputEvents = YES;
				INFOPLIST_KEY_UILaunchStoryboardName = LaunchScreen;
				INFOPLIST_KEY_UIMainStoryboardFile = Main;
				INFOPLIST_KEY_UISupportedInterfaceOrientations_iPad = "UIInterfaceOrientationPortrait UIInterfaceOrientationPortraitUpsideDown UIInterfaceOrientationLandscapeLeft UIInterfaceOrientationLandscapeRight";
				INFOPLIST_KEY_UISupportedInterfaceOrientations_iPhone = "UIInterfaceOrientationPortrait UIInterfaceOrientationLandscapeLeft UIInterfaceOrientationLandscapeRight";
				LD_RUNPATH_SEARCH_PATHS = (
					"$(inherited)",
					"@executable_path/Frameworks",
				);
				MARKETING_VERSION = 1.0;
				PRODUCT_BUNDLE_IDENTIFIER = com.ashutoshmane.UnsplashSearch.v1;
				PRODUCT_NAME = "$(TARGET_NAME)";
				SWIFT_EMIT_LOC_STRINGS = YES;
				SWIFT_VERSION = 5.0;
				TARGETED_DEVICE_FAMILY = "1,2";
			};
			name = Debug;
		};
		313220B428B96ADB00356317 /* Release */ = {
			isa = XCBuildConfiguration;
			buildSettings = {
				ASSETCATALOG_COMPILER_APPICON_NAME = AppIcon;
				ASSETCATALOG_COMPILER_GLOBAL_ACCENT_COLOR_NAME = AccentColor;
				CODE_SIGN_STYLE = Automatic;
				CURRENT_PROJECT_VERSION = 1;
				DEVELOPMENT_TEAM = KDMH53532J;
				GENERATE_INFOPLIST_FILE = YES;
				INFOPLIST_FILE = UnsplashSearch/Info.plist;
				INFOPLIST_KEY_UIApplicationSupportsIndirectInputEvents = YES;
				INFOPLIST_KEY_UILaunchStoryboardName = LaunchScreen;
				INFOPLIST_KEY_UIMainStoryboardFile = Main;
				INFOPLIST_KEY_UISupportedInterfaceOrientations_iPad = "UIInterfaceOrientationPortrait UIInterfaceOrientationPortraitUpsideDown UIInterfaceOrientationLandscapeLeft UIInterfaceOrientationLandscapeRight";
				INFOPLIST_KEY_UISupportedInterfaceOrientations_iPhone = "UIInterfaceOrientationPortrait UIInterfaceOrientationLandscapeLeft UIInterfaceOrientationLandscapeRight";
				LD_RUNPATH_SEARCH_PATHS = (
					"$(inherited)",
					"@executable_path/Frameworks",
				);
				MARKETING_VERSION = 1.0;
				PRODUCT_BUNDLE_IDENTIFIER = com.ashutoshmane.UnsplashSearch.v1;
				PRODUCT_NAME = "$(TARGET_NAME)";
				SWIFT_EMIT_LOC_STRINGS = YES;
				SWIFT_VERSION = 5.0;
				TARGETED_DEVICE_FAMILY = "1,2";
			};
			name = Release;
		};
/* End XCBuildConfiguration section */

/* Begin XCConfigurationList section */
		3132209928B96ADA00356317 /* Build configuration list for PBXProject "UnsplashSearch" */ = {
			isa = XCConfigurationList;
			buildConfigurations = (
				313220B028B96ADB00356317 /* Debug */,
				313220B128B96ADB00356317 /* Release */,
			);
			defaultConfigurationIsVisible = 0;
			defaultConfigurationName = Release;
		};
		313220B228B96ADB00356317 /* Build configuration list for PBXNativeTarget "UnsplashSearch" */ = {
			isa = XCConfigurationList;
			buildConfigurations = (
				313220B328B96ADB00356317 /* Debug */,
				313220B428B96ADB00356317 /* Release */,
			);
			defaultConfigurationIsVisible = 0;
			defaultConfigurationName = Release;
		};
/* End XCConfigurationList section */
	};
	rootObject = 3132209628B96ADA00356317 /* Project object */;
}
